PODS:
  - device_info_plus (0.0.1):
    - Flutter
  - DKImagePickerController/Core (4.3.9):
    - DKImagePickerController/ImageDataManager
    - DKImagePickerController/Resource
  - DKImagePickerController/ImageDataManager (4.3.9)
  - DKImagePickerController/PhotoGallery (4.3.9):
    - DKImagePickerController/Core
    - DKPhotoGallery
  - DKImagePickerController/Resource (4.3.9)
  - DKPhotoGallery (0.0.19):
    - DKPhotoGallery/Core (= 0.0.19)
    - DKPhotoGallery/Model (= 0.0.19)
    - DKPhotoGallery/Preview (= 0.0.19)
    - DKPhotoGallery/Resource (= 0.0.19)
    - SDWebImage
    - SwiftyGif
  - DKPhotoGallery/Core (0.0.19):
    - DKPhotoGallery/Model
    - DKPhotoGallery/Preview
    - SDWebImage
    - SwiftyGif
  - DKPhotoGallery/Model (0.0.19):
    - SDWebImage
    - SwiftyGif
  - DKPhotoGallery/Preview (0.0.19):
    - DKPhotoGallery/Model
    - DKPhotoGallery/Resource
    - SDWebImage
    - SwiftyGif
  - DKPhotoGallery/Resource (0.0.19):
    - SDWebImage
    - SwiftyGif
  - file_picker (0.0.1):
    - DKImagePickerController/PhotoGallery
    - Flutter
  - Firebase/Auth (10.25.0):
    - Firebase/CoreOnly
    - FirebaseAuth (~> 10.25.0)
  - Firebase/CoreOnly (10.25.0):
    - FirebaseCore (= 10.25.0)
  - Firebase/Messaging (10.25.0):
    - Firebase/CoreOnly
    - FirebaseMessaging (~> 10.25.0)
  - firebase_auth (4.20.0):
    - Firebase/Auth (= 10.25.0)
    - firebase_core
    - Flutter
  - firebase_core (2.32.0):
    - Firebase/CoreOnly (= 10.25.0)
    - Flutter
  - firebase_messaging (14.9.4):
    - Firebase/Messaging (= 10.25.0)
    - firebase_core
    - Flutter
  - FirebaseAppCheckInterop (10.29.0)
  - FirebaseAuth (10.25.0):
    - FirebaseAppCheckInterop (~> 10.17)
    - FirebaseCore (~> 10.0)
    - GoogleUtilities/AppDelegateSwizzler (~> 7.8)
    - GoogleUtilities/Environment (~> 7.8)
    - GTMSessionFetcher/Core (< 4.0, >= 2.1)
    - RecaptchaInterop (~> 100.0)
  - FirebaseCore (10.25.0):
    - FirebaseCoreInternal (~> 10.0)
    - GoogleUtilities/Environment (~> 7.12)
    - GoogleUtilities/Logger (~> 7.12)
  - FirebaseCoreInternal (10.29.0):
    - "GoogleUtilities/NSData+zlib (~> 7.8)"
  - FirebaseInstallations (10.29.0):
    - FirebaseCore (~> 10.0)
    - GoogleUtilities/Environment (~> 7.8)
    - GoogleUtilities/UserDefaults (~> 7.8)
    - PromisesObjC (~> 2.1)
  - FirebaseMessaging (10.25.0):
    - FirebaseCore (~> 10.0)
    - FirebaseInstallations (~> 10.0)
    - GoogleDataTransport (~> 9.3)
    - GoogleUtilities/AppDelegateSwizzler (~> 7.8)
    - GoogleUtilities/Environment (~> 7.8)
    - GoogleUtilities/Reachability (~> 7.8)
    - GoogleUtilities/UserDefaults (~> 7.8)
    - nanopb (< 2.30911.0, >= 2.30908.0)
  - Flutter (1.0.0)
  - flutter_inappwebview (0.0.1):
    - Flutter
    - flutter_inappwebview/Core (= 0.0.1)
    - OrderedSet (~> 5.0)
  - flutter_inappwebview/Core (0.0.1):
    - Flutter
    - OrderedSet (~> 5.0)
  - flutter_local_notifications (0.0.1):
    - Flutter
  - GoogleDataTransport (9.4.1):
    - GoogleUtilities/Environment (~> 7.7)
    - nanopb (< 2.30911.0, >= 2.30908.0)
    - PromisesObjC (< 3.0, >= 1.2)
  - GoogleUtilities/AppDelegateSwizzler (7.13.3):
    - GoogleUtilities/Environment
    - GoogleUtilities/Logger
    - GoogleUtilities/Network
    - GoogleUtilities/Privacy
  - GoogleUtilities/Environment (7.13.3):
    - GoogleUtilities/Privacy
    - PromisesObjC (< 3.0, >= 1.2)
  - GoogleUtilities/Logger (7.13.3):
    - GoogleUtilities/Environment
    - GoogleUtilities/Privacy
  - GoogleUtilities/Network (7.13.3):
    - GoogleUtilities/Logger
    - "GoogleUtilities/NSData+zlib"
    - GoogleUtilities/Privacy
    - GoogleUtilities/Reachability
  - "GoogleUtilities/NSData+zlib (7.13.3)":
    - GoogleUtilities/Privacy
  - GoogleUtilities/Privacy (7.13.3)
  - GoogleUtilities/Reachability (7.13.3):
    - GoogleUtilities/Logger
    - GoogleUtilities/Privacy
  - GoogleUtilities/UserDefaults (7.13.3):
    - GoogleUtilities/Logger
    - GoogleUtilities/Privacy
  - GTMSessionFetcher/Core (3.5.0)
  - nanopb (2.30910.0):
    - nanopb/decode (= 2.30910.0)
    - nanopb/encode (= 2.30910.0)
  - nanopb/decode (2.30910.0)
  - nanopb/encode (2.30910.0)
  - "no_screenshot (0.0.1+4)":
    - Flutter
    - ScreenProtectorKit (~> 1.3.1)
  - OrderedSet (5.0.0)
  - package_info_plus (0.4.5):
    - Flutter
  - path_provider_foundation (0.0.1):
    - Flutter
    - FlutterMacOS
  - permission_handler_apple (9.1.1):
    - Flutter
  - pointer_interceptor_ios (0.0.1):
    - Flutter
  - printing (1.0.0):
    - Flutter
  - PromisesObjC (2.4.0)
  - RecaptchaInterop (100.0.0)
  - rive_common (0.0.1):
    - Flutter
  - ScreenProtectorKit (1.3.1)
  - SDWebImage (5.19.7):
    - SDWebImage/Core (= 5.19.7)
  - SDWebImage/Core (5.19.7)
  - search_choices (0.0.1):
    - Flutter
  - Sentry/HybridSDK (8.25.0)
  - sentry_flutter (7.20.2):
    - Flutter
    - FlutterMacOS
    - Sentry/HybridSDK (= 8.25.0)
  - shared_preferences_foundation (0.0.1):
    - Flutter
    - FlutterMacOS
  - SwiftyGif (5.4.5)
  - syncfusion_flutter_pdfviewer (0.0.1):
    - Flutter
  - url_launcher_ios (0.0.1):
    - Flutter
  - webview_flutter_wkwebview (0.0.1):
    - Flutter
    - FlutterMacOS

DEPENDENCIES:
  - device_info_plus (from `.symlinks/plugins/device_info_plus/ios`)
  - file_picker (from `.symlinks/plugins/file_picker/ios`)
  - firebase_auth (from `.symlinks/plugins/firebase_auth/ios`)
  - firebase_core (from `.symlinks/plugins/firebase_core/ios`)
  - firebase_messaging (from `.symlinks/plugins/firebase_messaging/ios`)
  - Flutter (from `Flutter`)
  - flutter_inappwebview (from `.symlinks/plugins/flutter_inappwebview/ios`)
  - flutter_local_notifications (from `.symlinks/plugins/flutter_local_notifications/ios`)
  - no_screenshot (from `.symlinks/plugins/no_screenshot/ios`)
  - package_info_plus (from `.symlinks/plugins/package_info_plus/ios`)
  - path_provider_foundation (from `.symlinks/plugins/path_provider_foundation/darwin`)
  - permission_handler_apple (from `.symlinks/plugins/permission_handler_apple/ios`)
  - pointer_interceptor_ios (from `.symlinks/plugins/pointer_interceptor_ios/ios`)
  - printing (from `.symlinks/plugins/printing/ios`)
  - rive_common (from `.symlinks/plugins/rive_common/ios`)
  - search_choices (from `.symlinks/plugins/search_choices/ios`)
  - sentry_flutter (from `.symlinks/plugins/sentry_flutter/ios`)
  - shared_preferences_foundation (from `.symlinks/plugins/shared_preferences_foundation/darwin`)
  - syncfusion_flutter_pdfviewer (from `.symlinks/plugins/syncfusion_flutter_pdfviewer/ios`)
  - url_launcher_ios (from `.symlinks/plugins/url_launcher_ios/ios`)
  - webview_flutter_wkwebview (from `.symlinks/plugins/webview_flutter_wkwebview/darwin`)

SPEC REPOS:
  trunk:
    - DKImagePickerController
    - DKPhotoGallery
    - Firebase
    - FirebaseAppCheckInterop
    - FirebaseAuth
    - FirebaseCore
    - FirebaseCoreInternal
    - FirebaseInstallations
    - FirebaseMessaging
    - GoogleDataTransport
    - GoogleUtilities
    - GTMSessionFetcher
    - nanopb
    - OrderedSet
    - PromisesObjC
    - RecaptchaInterop
    - ScreenProtectorKit
    - SDWebImage
    - Sentry
    - SwiftyGif

EXTERNAL SOURCES:
  device_info_plus:
    :path: ".symlinks/plugins/device_info_plus/ios"
  file_picker:
    :path: ".symlinks/plugins/file_picker/ios"
  firebase_auth:
    :path: ".symlinks/plugins/firebase_auth/ios"
  firebase_core:
    :path: ".symlinks/plugins/firebase_core/ios"
  firebase_messaging:
    :path: ".symlinks/plugins/firebase_messaging/ios"
  Flutter:
    :path: Flutter
  flutter_inappwebview:
    :path: ".symlinks/plugins/flutter_inappwebview/ios"
  flutter_local_notifications:
    :path: ".symlinks/plugins/flutter_local_notifications/ios"
  no_screenshot:
    :path: ".symlinks/plugins/no_screenshot/ios"
  package_info_plus:
    :path: ".symlinks/plugins/package_info_plus/ios"
  path_provider_foundation:
    :path: ".symlinks/plugins/path_provider_foundation/darwin"
  permission_handler_apple:
    :path: ".symlinks/plugins/permission_handler_apple/ios"
  pointer_interceptor_ios:
    :path: ".symlinks/plugins/pointer_interceptor_ios/ios"
  printing:
    :path: ".symlinks/plugins/printing/ios"
  rive_common:
    :path: ".symlinks/plugins/rive_common/ios"
  search_choices:
    :path: ".symlinks/plugins/search_choices/ios"
  sentry_flutter:
    :path: ".symlinks/plugins/sentry_flutter/ios"
  shared_preferences_foundation:
    :path: ".symlinks/plugins/shared_preferences_foundation/darwin"
  syncfusion_flutter_pdfviewer:
    :path: ".symlinks/plugins/syncfusion_flutter_pdfviewer/ios"
  url_launcher_ios:
    :path: ".symlinks/plugins/url_launcher_ios/ios"
  webview_flutter_wkwebview:
    :path: ".symlinks/plugins/webview_flutter_wkwebview/darwin"

SPEC CHECKSUMS:
  device_info_plus: 97af1d7e84681a90d0693e63169a5d50e0839a0d
  DKImagePickerController: 946cec48c7873164274ecc4624d19e3da4c1ef3c
  DKPhotoGallery: b3834fecb755ee09a593d7c9e389d8b5d6deed60
  file_picker: ce3938a0df3cc1ef404671531facef740d03f920
  Firebase: 0312a2352584f782ea56f66d91606891d4607f06
  firebase_auth: 5719ddc9f654b813405899480e84971bd8e61235
  firebase_core: a626d00494efa398e7c54f25f1454a64c8abf197
  firebase_messaging: 06391e8f35dc65a00c56580266285263d2861f10
  FirebaseAppCheckInterop: 6a1757cfd4067d8e00fccd14fcc1b8fd78cfac07
  FirebaseAuth: c0f93dcc570c9da2bffb576969d793e95c344fbb
  FirebaseCore: 7ec4d0484817f12c3373955bc87762d96842d483
  FirebaseCoreInternal: df84dd300b561c27d5571684f389bf60b0a5c934
  FirebaseInstallations: 913cf60d0400ebd5d6b63a28b290372ab44590dd
  FirebaseMessaging: 88950ba9485052891ebe26f6c43a52bb62248952
  Flutter: e0871f40cf51350855a761d2e70bf5af5b9b5de7
  flutter_inappwebview: 3d32228f1304635e7c028b0d4252937730bbc6cf
  flutter_local_notifications: df98d66e515e1ca797af436137b4459b160ad8c9
  GoogleDataTransport: 6c09b596d841063d76d4288cc2d2f42cc36e1e2a
  GoogleUtilities: ea963c370a38a8069cc5f7ba4ca849a60b6d7d15
  GTMSessionFetcher: 5aea5ba6bd522a239e236100971f10cb71b96ab6
  nanopb: 438bc412db1928dac798aa6fd75726007be04262
  no_screenshot: 67d110f12466f4913b488803d4e498d03ef2889e
  OrderedSet: aaeb196f7fef5a9edf55d89760da9176ad40b93c
  package_info_plus: c0502532a26c7662a62a356cebe2692ec5fe4ec4
  path_provider_foundation: 2b6b4c569c0fb62ec74538f866245ac84301af46
  permission_handler_apple: e76247795d700c14ea09e3a2d8855d41ee80a2e6
  pointer_interceptor_ios: 508241697ff0947f853c061945a8b822463947c1
  printing: 233e1b73bd1f4a05615548e9b5a324c98588640b
  PromisesObjC: f5707f49cb48b9636751c5b2e7d227e43fba9f47
  RecaptchaInterop: 7d1a4a01a6b2cb1610a47ef3f85f0c411434cb21
  rive_common: 4743dbfd2911c99066547a3c6454681e0fa907df
  ScreenProtectorKit: 83a6281b02c7a5902ee6eac4f5045f674e902ae4
  SDWebImage: 8a6b7b160b4d710e2a22b6900e25301075c34cb3
  search_choices: b50731e8c425078048f681f39c34375c58d6ce8d
  Sentry: cd86fc55628f5b7c572cabe66cc8f95a9d2f165a
  sentry_flutter: 0cf2507eb90ff7a6aa3304e900dd7f08edbbefdf
  shared_preferences_foundation: fcdcbc04712aee1108ac7fda236f363274528f78
  SwiftyGif: 706c60cf65fa2bc5ee0313beece843c8eb8194d4
  syncfusion_flutter_pdfviewer: bb9998884b864cfedf72628df3503bdf57e397c0
  url_launcher_ios: 5334b05cef931de560670eeae103fd3e431ac3fe
  webview_flutter_wkwebview: 0982481e3d9c78fd5c6f62a002fcd24fc791f1e4

PODFILE CHECKSUM: a116b8ee379373f8f800ec0cd336a2c1894dd079

COCOAPODS: 1.15.2
